// !$*UTF8*$!
{
	archiveVersion = 1;
	classes = {
	};
	objectVersion = 50;
	objects = {

/* Begin PBXBuildFile section */
		033F904123DBD5A700FCC15E /* AppDelegate.swift in Sources */ = {isa = PBXBuildFile; fileRef = 033F904023DBD5A700FCC15E /* AppDelegate.swift */; };
		033F904323DBD5A700FCC15E /* SceneDelegate.swift in Sources */ = {isa = PBXBuildFile; fileRef = 033F904223DBD5A700FCC15E /* SceneDelegate.swift */; };
		033F904523DBD5A700FCC15E /* ViewController.swift in Sources */ = {isa = PBXBuildFile; fileRef = 033F904423DBD5A700FCC15E /* ViewController.swift */; };
		033F904823DBD5A700FCC15E /* Main.storyboard in Resources */ = {isa = PBXBuildFile; fileRef = 033F904623DBD5A700FCC15E /* Main.storyboard */; };
		033F904A23DBD5AA00FCC15E /* Assets.xcassets in Resources */ = {isa = PBXBuildFile; fileRef = 033F904923DBD5AA00FCC15E /* Assets.xcassets */; };
		033F904D23DBD5AA00FCC15E /* LaunchScreen.storyboard in Resources */ = {isa = PBXBuildFile; fileRef = 033F904B23DBD5AA00FCC15E /* LaunchScreen.storyboard */; };
/* End PBXBuildFile section */

/* Begin PBXFileReference section */
		033F903D23DBD5A700FCC15E /* AmpAuth05.app */ = {isa = PBXFileReference; explicitFileType = wrapper.application; includeInIndex = 0; path = AmpAuth05.app; sourceTree = BUILT_PRODUCTS_DIR; };
		033F904023DBD5A700FCC15E /* AppDelegate.swift */ = {isa = PBXFileReference; lastKnownFileType = sourcecode.swift; path = AppDelegate.swift; sourceTree = "<group>"; };
		033F904223DBD5A700FCC15E /* SceneDelegate.swift */ = {isa = PBXFileReference; lastKnownFileType = sourcecode.swift; path = SceneDelegate.swift; sourceTree = "<group>"; };
		033F904423DBD5A700FCC15E /* ViewController.swift */ = {isa = PBXFileReference; lastKnownFileType = sourcecode.swift; path = ViewController.swift; sourceTree = "<group>"; };
		033F904723DBD5A700FCC15E /* Base */ = {isa = PBXFileReference; lastKnownFileType = file.storyboard; name = Base; path = Base.lproj/Main.storyboard; sourceTree = "<group>"; };
		033F904923DBD5AA00FCC15E /* Assets.xcassets */ = {isa = PBXFileReference; lastKnownFileType = folder.assetcatalog; path = Assets.xcassets; sourceTree = "<group>"; };
		033F904C23DBD5AA00FCC15E /* Base */ = {isa = PBXFileReference; lastKnownFileType = file.storyboard; name = Base; path = Base.lproj/LaunchScreen.storyboard; sourceTree = "<group>"; };
		033F904E23DBD5AA00FCC15E /* Info.plist */ = {isa = PBXFileReference; lastKnownFileType = text.plist.xml; path = Info.plist; sourceTree = "<group>"; };
/* End PBXFileReference section */

/* Begin PBXFrameworksBuildPhase section */
		033F903A23DBD5A700FCC15E /* Frameworks */ = {
			isa = PBXFrameworksBuildPhase;
			buildActionMask = 2147483647;
			files = (
			);
			runOnlyForDeploymentPostprocessing = 0;
		};
/* End PBXFrameworksBuildPhase section */

/* Begin PBXGroup section */
		033F903423DBD5A600FCC15E = {
			isa = PBXGroup;
			children = (
				033F903F23DBD5A700FCC15E /* AmpAuth05 */,
				033F903E23DBD5A700FCC15E /* Products */,
			);
			sourceTree = "<group>";
		};
		033F903E23DBD5A700FCC15E /* Products */ = {
			isa = PBXGroup;
			children = (
				033F903D23DBD5A700FCC15E /* AmpAuth05.app */,
			);
			name = Products;
			sourceTree = "<group>";
		};
		033F903F23DBD5A700FCC15E /* AmpAuth05 */ = {
			isa = PBXGroup;
			children = (
				033F904023DBD5A700FCC15E /* AppDelegate.swift */,
				033F904223DBD5A700FCC15E /* SceneDelegate.swift */,
				033F904423DBD5A700FCC15E /* ViewController.swift */,
				033F904623DBD5A700FCC15E /* Main.storyboard */,
				033F904923DBD5AA00FCC15E /* Assets.xcassets */,
				033F904B23DBD5AA00FCC15E /* LaunchScreen.storyboard */,
				033F904E23DBD5AA00FCC15E /* Info.plist */,
			);
			path = AmpAuth05;
			sourceTree = "<group>";
		};
/* End PBXGroup section */

/* Begin PBXNativeTarget section */
		033F903C23DBD5A700FCC15E /* AmpAuth05 */ = {
			isa = PBXNativeTarget;
			buildConfigurationList = 033F905123DBD5AA00FCC15E /* Build configuration list for PBXNativeTarget "AmpAuth05" */;
			buildPhases = (
				033F903923DBD5A700FCC15E /* Sources */,
				033F903A23DBD5A700FCC15E /* Frameworks */,
				033F903B23DBD5A700FCC15E /* Resources */,
			);
			buildRules = (
			);
			dependencies = (
			);
			name = AmpAuth05;
			productName = AmpAuth05;
			productReference = 033F903D23DBD5A700FCC15E /* AmpAuth05.app */;
			productType = "com.apple.product-type.application";
		};
/* End PBXNativeTarget section */

/* Begin PBXProject section */
		033F903523DBD5A600FCC15E /* Project object */ = {
			isa = PBXProject;
			attributes = {
				LastSwiftUpdateCheck = 1110;
				LastUpgradeCheck = 1110;
				ORGANIZATIONNAME = "locust communications";
				TargetAttributes = {
					033F903C23DBD5A700FCC15E = {
						CreatedOnToolsVersion = 11.1;
					};
				};
			};
			buildConfigurationList = 033F903823DBD5A600FCC15E /* Build configuration list for PBXProject "AmpAuth05" */;
			compatibilityVersion = "Xcode 9.3";
			developmentRegion = en;
			hasScannedForEncodings = 0;
			knownRegions = (
				en,
				Base,
			);
			mainGroup = 033F903423DBD5A600FCC15E;
			productRefGroup = 033F903E23DBD5A700FCC15E /* Products */;
			projectDirPath = "";
			projectRoot = "";
			targets = (
				033F903C23DBD5A700FCC15E /* AmpAuth05 */,
			);
		};
/* End PBXProject section */

/* Begin PBXResourcesBuildPhase section */
		033F903B23DBD5A700FCC15E /* Resources */ = {
			isa = PBXResourcesBuildPhase;
			buildActionMask = 2147483647;
			files = (
				033F904D23DBD5AA00FCC15E /* LaunchScreen.storyboard in Resources */,
				033F904A23DBD5AA00FCC15E /* Assets.xcassets in Resources */,
				033F904823DBD5A700FCC15E /* Main.storyboard in Resources */,
			);
			runOnlyForDeploymentPostprocessing = 0;
		};
/* End PBXResourcesBuildPhase section */

/* Begin PBXSourcesBuildPhase section */
		033F903923DBD5A700FCC15E /* Sources */ = {
			isa = PBXSourcesBuildPhase;
			buildActionMask = 2147483647;
			files = (
				033F904523DBD5A700FCC15E /* ViewController.swift in Sources */,
				033F904123DBD5A700FCC15E /* AppDelegate.swift in Sources */,
				033F904323DBD5A700FCC15E /* SceneDelegate.swift in Sources */,
			);
			runOnlyForDeploymentPostprocessing = 0;
		};
/* End PBXSourcesBuildPhase section */

/* Begin PBXVariantGroup section */
		033F904623DBD5A700FCC15E /* Main.storyboard */ = {
			isa = PBXVariantGroup;
			children = (
				033F904723DBD5A700FCC15E /* Base */,
			);
			name = Main.storyboard;
			sourceTree = "<group>";
		};
		033F904B23DBD5AA00FCC15E /* LaunchScreen.storyboard */ = {
			isa = PBXVariantGroup;
			children = (
				033F904C23DBD5AA00FCC15E /* Base */,
			);
			name = LaunchScreen.storyboard;
			sourceTree = "<group>";
		};
/* End PBXVariantGroup section */

/* Begin XCBuildConfiguration section */
		033F904F23DBD5AA00FCC15E /* Debug */ = {
			isa = XCBuildConfiguration;
			buildSettings = {
				ALWAYS_SEARCH_USER_PATHS = NO;
				CLANG_ANALYZER_NONNULL = YES;
				CLANG_ANALYZER_NUMBER_OBJECT_CONVERSION = YES_AGGRESSIVE;
				CLANG_CXX_LANGUAGE_STANDARD = "gnu++14";
				CLANG_CXX_LIBRARY = "libc++";
				CLANG_ENABLE_MODULES = YES;
				CLANG_ENABLE_OBJC_ARC = YES;
				CLANG_ENABLE_OBJC_WEAK = YES;
				CLANG_WARN_BLOCK_CAPTURE_AUTORELEASING = YES;
				CLANG_WARN_BOOL_CONVERSION = YES;
				CLANG_WARN_COMMA = YES;
				CLANG_WARN_CONSTANT_CONVERSION = YES;
				CLANG_WARN_DEPRECATED_OBJC_IMPLEMENTATIONS = YES;
				CLANG_WARN_DIRECT_OBJC_ISA_USAGE = YES_ERROR;
				CLANG_WARN_DOCUMENTATION_COMMENTS = YES;
				CLANG_WARN_EMPTY_BODY = YES;
				CLANG_WARN_ENUM_CONVERSION = YES;
				CLANG_WARN_INFINITE_RECURSION = YES;
				CLANG_WARN_INT_CONVERSION = YES;
				CLANG_WARN_NON_LITERAL_NULL_CONVERSION = YES;
				CLANG_WARN_OBJC_IMPLICIT_RETAIN_SELF = YES;
				CLANG_WARN_OBJC_LITERAL_CONVERSION = YES;
				CLANG_WARN_OBJC_ROOT_CLASS = YES_ERROR;
				CLANG_WARN_RANGE_LOOP_ANALYSIS = YES;
				CLANG_WARN_STRICT_PROTOTYPES = YES;
				CLANG_WARN_SUSPICIOUS_MOVE = YES;
				CLANG_WARN_UNGUARDED_AVAILABILITY = YES_AGGRESSIVE;
				CLANG_WARN_UNREACHABLE_CODE = YES;
				CLANG_WARN__DUPLICATE_METHOD_MATCH = YES;
				COPY_PHASE_STRIP = NO;
				DEBUG_INFORMATION_FORMAT = dwarf;
				ENABLE_STRICT_OBJC_MSGSEND = YES;
				ENABLE_TESTABILITY = YES;
				GCC_C_LANGUAGE_STANDARD = gnu11;
				GCC_DYNAMIC_NO_PIC = NO;
				GCC_NO_COMMON_BLOCKS = YES;
				GCC_OPTIMIZATION_LEVEL = 0;
				GCC_PREPROCESSOR_DEFINITIONS = (
					"DEBUG=1",
					"$(inherited)",
				);
				GCC_WARN_64_TO_32_BIT_CONVERSION = YES;
				GCC_WARN_ABOUT_RETURN_TYPE = YES_ERROR;
				GCC_WARN_UNDECLARED_SELECTOR = YES;
				GCC_WARN_UNINITIALIZED_AUTOS = YES_AGGRESSIVE;
				GCC_WARN_UNUSED_FUNCTION = YES;
				GCC_WARN_UNUSED_VARIABLE = YES;
				IPHONEOS_DEPLOYMENT_TARGET = 13.1;
				MTL_ENABLE_DEBUG_INFO = INCLUDE_SOURCE;
				MTL_FAST_MATH = YES;
				ONLY_ACTIVE_ARCH = YES;
				SDKROOT = iphoneos;
				SWIFT_ACTIVE_COMPILATION_CONDITIONS = DEBUG;
				SWIFT_OPTIMIZATION_LEVEL = "-Onone";
			};
			name = Debug;
		};
		033F905023DBD5AA00FCC15E /* Release */ = {
			isa = XCBuildConfiguration;
			buildSettings = {
				ALWAYS_SEARCH_USER_PATHS = NO;
				CLANG_ANALYZER_NONNULL = YES;
				CLANG_ANALYZER_NUMBER_OBJECT_CONVERSION = YES_AGGRESSIVE;
				CLANG_CXX_LANGUAGE_STANDARD = "gnu++14";
				CLANG_CXX_LIBRARY = "libc++";
				CLANG_ENABLE_MODULES = YES;
				CLANG_ENABLE_OBJC_ARC = YES;
				CLANG_ENABLE_OBJC_WEAK = YES;
				CLANG_WARN_BLOCK_CAPTURE_AUTORELEASING = YES;
				CLANG_WARN_BOOL_CONVERSION = YES;
				CLANG_WARN_COMMA = YES;
				CLANG_WARN_CONSTANT_CONVERSION = YES;
				CLANG_WARN_DEPRECATED_OBJC_IMPLEMENTATIONS = YES;
				CLANG_WARN_DIRECT_OBJC_ISA_USAGE = YES_ERROR;
				CLANG_WARN_DOCUMENTATION_COMMENTS = YES;
				CLANG_WARN_EMPTY_BODY = YES;
				CLANG_WARN_ENUM_CONVERSION = YES;
				CLANG_WARN_INFINITE_RECURSION = YES;
				CLANG_WARN_INT_CONVERSION = YES;
				CLANG_WARN_NON_LITERAL_NULL_CONVERSION = YES;
				CLANG_WARN_OBJC_IMPLICIT_RETAIN_SELF = YES;
				CLANG_WARN_OBJC_LITERAL_CONVERSION = YES;
				CLANG_WARN_OBJC_ROOT_CLASS = YES_ERROR;
				CLANG_WARN_RANGE_LOOP_ANALYSIS = YES;
				CLANG_WARN_STRICT_PROTOTYPES = YES;
				CLANG_WARN_SUSPICIOUS_MOVE = YES;
				CLANG_WARN_UNGUARDED_AVAILABILITY = YES_AGGRESSIVE;
				CLANG_WARN_UNREACHABLE_CODE = YES;
				CLANG_WARN__DUPLICATE_METHOD_MATCH = YES;
				COPY_PHASE_STRIP = NO;
				DEBUG_INFORMATION_FORMAT = "dwarf-with-dsym";
				ENABLE_NS_ASSERTIONS = NO;
				ENABLE_STRICT_OBJC_MSGSEND = YES;
				GCC_C_LANGUAGE_STANDARD = gnu11;
				GCC_NO_COMMON_BLOCKS = YES;
				GCC_WARN_64_TO_32_BIT_CONVERSION = YES;
				GCC_WARN_ABOUT_RETURN_TYPE = YES_ERROR;
				GCC_WARN_UNDECLARED_SELECTOR = YES;
				GCC_WARN_UNINITIALIZED_AUTOS = YES_AGGRESSIVE;
				GCC_WARN_UNUSED_FUNCTION = YES;
				GCC_WARN_UNUSED_VARIABLE = YES;
				IPHONEOS_DEPLOYMENT_TARGET = 13.1;
				MTL_ENABLE_DEBUG_INFO = NO;
				MTL_FAST_MATH = YES;
				SDKROOT = iphoneos;
				SWIFT_COMPILATION_MODE = wholemodule;
				SWIFT_OPTIMIZATION_LEVEL = "-O";
				VALIDATE_PRODUCT = YES;
			};
			name = Release;
		};
		033F905223DBD5AA00FCC15E /* Debug */ = {
			isa = XCBuildConfiguration;
			buildSettings = {
				ASSETCATALOG_COMPILER_APPICON_NAME = AppIcon;
				CODE_SIGN_STYLE = Automatic;
				INFOPLIST_FILE = AmpAuth05/Info.plist;
				LD_RUNPATH_SEARCH_PATHS = (
					"$(inherited)",
					"@executable_path/Frameworks",
				);
				PRODUCT_BUNDLE_IDENTIFIER = locust123.com.AmpAuth05;
				PRODUCT_NAME = "$(TARGET_NAME)";
				SWIFT_VERSION = 5.0;
				TARGETED_DEVICE_FAMILY = "1,2";
			};
			name = Debug;
		};
		033F905323DBD5AA00FCC15E /* Release */ = {
			isa = XCBuildConfiguration;
			buildSettings = {
				ASSETCATALOG_COMPILER_APPICON_NAME = AppIcon;
				CODE_SIGN_STYLE = Automatic;
				INFOPLIST_FILE = AmpAuth05/Info.plist;
				LD_RUNPATH_SEARCH_PATHS = (
					"$(inherited)",
					"@executable_path/Frameworks",
				);
				PRODUCT_BUNDLE_IDENTIFIER = locust123.com.AmpAuth05;
				PRODUCT_NAME = "$(TARGET_NAME)";
				SWIFT_VERSION = 5.0;
				TARGETED_DEVICE_FAMILY = "1,2";
			};
			name = Release;
		};
/* End XCBuildConfiguration section */

/* Begin XCConfigurationList section */
		033F903823DBD5A600FCC15E /* Build configuration list for PBXProject "AmpAuth05" */ = {
			isa = XCConfigurationList;
			buildConfigurations = (
				033F904F23DBD5AA00FCC15E /* Debug */,
				033F905023DBD5AA00FCC15E /* Release */,
			);
			defaultConfigurationIsVisible = 0;
			defaultConfigurationName = Release;
		};
		033F905123DBD5AA00FCC15E /* Build configuration list for PBXNativeTarget "AmpAuth05" */ = {
			isa = XCConfigurationList;
			buildConfigurations = (
				033F905223DBD5AA00FCC15E /* Debug */,
				033F905323DBD5AA00FCC15E /* Release */,
			);
			defaultConfigurationIsVisible = 0;
			defaultConfigurationName = Release;
		};
/* End XCConfigurationList section */
	};
	rootObject = 033F903523DBD5A600FCC15E /* Project object */;
}
